
Microsoft Visual Studio Solution File, Format Version 12.00
# Visual Studio 15
VisualStudioVersion = 15.0.26730.10
MinimumVisualStudioVersion = 10.0.40219.1
Project("{FAE04EC0-301F-11D3-BF4B-00C04F79EFBC}") = "CalcConsole", "CalcConsole\CalcConsole.csproj", "{664D9DB7-AF8B-4C4C-A737-1D7F30FDAD71}"
EndProject
Project("{FAE04EC0-301F-11D3-BF4B-00C04F79EFBC}") = "TestCalcConsole", "TestCalcConsole\TestCalcConsole.csproj", "{349EBA40-3CE3-440D-886E-4D8C577F67F8}"
EndProject
Project("{FAE04EC0-301F-11D3-BF4B-00C04F79EFBC}") = "CalcLibrary", "CalcLibrary\CalcLibrary.csproj", "{039E7338-0F69-4C72-951F-3244456A71CF}"
EndProject
Project("{FAE04EC0-301F-11D3-BF4B-00C04F79EFBC}") = "DesktopCalc", "DesktopCalc\DesktopCalc.csproj", "{F49F9EC2-3903-4F4F-9BFC-056396A4118F}"
EndProject
Project("{FAE04EC0-301F-11D3-BF4B-00C04F79EFBC}") = "CalcDB", "CalcDB\CalcDB.csproj", "{A0981B4C-86CE-4DCD-864B-DD721D373F7F}"
EndProject
Global
	GlobalSection(SolutionConfigurationPlatforms) = preSolution
		Debug|Any CPU = Debug|Any CPU
		Release|Any CPU = Release|Any CPU
	EndGlobalSection
	GlobalSection(ProjectConfigurationPlatforms) = postSolution
		{664D9DB7-AF8B-4C4C-A737-1D7F30FDAD71}.Debug|Any CPU.ActiveCfg = Debug|Any CPU
		{664D9DB7-AF8B-4C4C-A737-1D7F30FDAD71}.Debug|Any CPU.Build.0 = Debug|Any CPU
		{664D9DB7-AF8B-4C4C-A737-1D7F30FDAD71}.Release|Any CPU.ActiveCfg = Release|Any CPU
		{664D9DB7-AF8B-4C4C-A737-1D7F30FDAD71}.Release|Any CPU.Build.0 = Release|Any CPU
		{349EBA40-3CE3-440D-886E-4D8C577F67F8}.Debug|Any CPU.ActiveCfg = Debug|Any CPU
		{349EBA40-3CE3-440D-886E-4D8C577F67F8}.Debug|Any CPU.Build.0 = Debug|Any CPU
		{349EBA40-3CE3-440D-886E-4D8C577F67F8}.Release|Any CPU.ActiveCfg = Release|Any CPU
		{349EBA40-3CE3-440D-886E-4D8C577F67F8}.Release|Any CPU.Build.0 = Release|Any CPU
		{039E7338-0F69-4C72-951F-3244456A71CF}.Debug|Any CPU.ActiveCfg = Debug|Any CPU
		{039E7338-0F69-4C72-951F-3244456A71CF}.Debug|Any CPU.Build.0 = Debug|Any CPU
		{039E7338-0F69-4C72-951F-3244456A71CF}.Release|Any CPU.ActiveCfg = Release|Any CPU
		{039E7338-0F69-4C72-951F-3244456A71CF}.Release|Any CPU.Build.0 = Release|Any CPU
		{F49F9EC2-3903-4F4F-9BFC-056396A4118F}.Debug|Any CPU.ActiveCfg = Debug|Any CPU
		{F49F9EC2-3903-4F4F-9BFC-056396A4118F}.Debug|Any CPU.Build.0 = Debug|Any CPU
		{F49F9EC2-3903-4F4F-9BFC-056396A4118F}.Release|Any CPU.ActiveCfg = Release|Any CPU
		{F49F9EC2-3903-4F4F-9BFC-056396A4118F}.Release|Any CPU.Build.0 = Release|Any CPU
		{A0981B4C-86CE-4DCD-864B-DD721D373F7F}.Debug|Any CPU.ActiveCfg = Debug|Any CPU
		{A0981B4C-86CE-4DCD-864B-DD721D373F7F}.Debug|Any CPU.Build.0 = Debug|Any CPU
		{A0981B4C-86CE-4DCD-864B-DD721D373F7F}.Release|Any CPU.ActiveCfg = Release|Any CPU
		{A0981B4C-86CE-4DCD-864B-DD721D373F7F}.Release|Any CPU.Build.0 = Release|Any CPU
	EndGlobalSection
	GlobalSection(SolutionProperties) = preSolution
		HideSolutionNode = FALSE
	EndGlobalSection
	GlobalSection(ExtensibilityGlobals) = postSolution
		SolutionGuid = {A11DDC28-F3C6-43DE-88B1-8EF1B1A584FB}
	EndGlobalSection
EndGlobal
